
Microsoft Visual Studio Solution File, Format Version 12.00
# Visual Studio Version 17
VisualStudioVersion = 17.7.34031.279
MinimumVisualStudioVersion = 10.0.40219.1
Project("{FAE04EC0-301F-11D3-BF4B-00C04F79EFBC}") = "BookStore", "BookStore\BookStore.csproj", "{3D0A8C42-CD27-4371-9E76-4F279802F984}"
EndProject
Global
	GlobalSection(SolutionConfigurationPlatforms) = preSolution
		Debug|Any CPU = Debug|Any CPU
		Release|Any CPU = Release|Any CPU
	EndGlobalSection
	GlobalSection(ProjectConfigurationPlatforms) = postSolution
		{3D0A8C42-CD27-4371-9E76-4F279802F984}.Debug|Any CPU.ActiveCfg = Debug|Any CPU
		{3D0A8C42-CD27-4371-9E76-4F279802F984}.Debug|Any CPU.Build.0 = Debug|Any CPU
		{3D0A8C42-CD27-4371-9E76-4F279802F984}.Release|Any CPU.ActiveCfg = Release|Any CPU
		{3D0A8C42-CD27-4371-9E76-4F279802F984}.Release|Any CPU.Build.0 = Release|Any CPU
	EndGlobalSection
	GlobalSection(SolutionProperties) = preSolution
		HideSolutionNode = FALSE
	EndGlobalSection
	GlobalSection(ExtensibilityGlobals) = postSolution
		SolutionGuid = {7253E531-3490-4599-AB8C-970F8FD359B5}
	EndGlobalSection
EndGlobal
